
Microsoft Visual Studio Solution File, Format Version 12.00
# Visual Studio Version 17
VisualStudioVersion = 17.9.34902.65
MinimumVisualStudioVersion = 10.0.40219.1
Project("{9A19103F-16F7-4668-BE54-9A1E7A4F7556}") = "OOPExercise01Task01", "Exercise01\OOPExercise01Task01\OOPExercise01Task01.csproj", "{AF8B2F66-7781-419E-BE20-264C2CFC3836}"
EndProject
Project("{9A19103F-16F7-4668-BE54-9A1E7A4F7556}") = "OOPExercise01Task02", "Exercise01\OOPExercise01Task02\OOPExercise01Task02.csproj", "{AB2DFB27-DF5C-459B-BCFF-992BF692F422}"
EndProject
Project("{9A19103F-16F7-4668-BE54-9A1E7A4F7556}") = "OOPExercise01Task03", "Exercise01\OOPExercise01Task03\OOPExercise01Task03.csproj", "{D193D7FE-751F-47EE-851F-95355BF24815}"
EndProject
Project("{9A19103F-16F7-4668-BE54-9A1E7A4F7556}") = "OOPExercise01Task05", "Exercise01\OOPExercise01Task05\OOPExercise01Task05.csproj", "{C718A9A1-9C7A-4846-B9D8-D75D0B9944BA}"
EndProject
Project("{9A19103F-16F7-4668-BE54-9A1E7A4F7556}") = "OOPExercise01Task06", "Exercise01\OOPExercise01Task06\OOPExercise01Task06.csproj", "{F07A0686-5372-4CAB-BC68-0B6B2E52E849}"
EndProject
Project("{9A19103F-16F7-4668-BE54-9A1E7A4F7556}") = "Utilities", "Utilities\Utilities.csproj", "{79AD5CDE-735B-46B3-A31D-A874B23C993E}"
EndProject
Project("{9A19103F-16F7-4668-BE54-9A1E7A4F7556}") = "OOPExercise01Task07", "Exercise01\OOPExercise01Task07\OOPExercise01Task07.csproj", "{FD4014B0-076A-4C5E-BFB5-DAE6B701FEB5}"
EndProject
Project("{9A19103F-16F7-4668-BE54-9A1E7A4F7556}") = "OOPExercise01Task08", "Exercise01\OOPExercise01Task08\OOPExercise01Task08.csproj", "{C78D528D-AFE6-404F-9C68-A11F05FD48F6}"
EndProject
Project("{9A19103F-16F7-4668-BE54-9A1E7A4F7556}") = "OOPExercise01Task09", "Exercise01\OOPExercise01Task09\OOPExercise01Task09.csproj", "{BB1E3F65-71CB-4000-A9DD-4EB28F9471A5}"
EndProject
Project("{2150E333-8FDC-42A3-9474-1A3956D46DE8}") = "Exercise01", "Exercise01", "{3CF200CD-54EE-4BF8-BB3B-1C99FC1A345B}"
EndProject
Project("{2150E333-8FDC-42A3-9474-1A3956D46DE8}") = "Exercise07", "Exercise07", "{AF25519C-45EC-4A7E-BDFA-FA12FDA1E810}"
EndProject
Project("{2150E333-8FDC-42A3-9474-1A3956D46DE8}") = "Exercise08", "Exercise08", "{DFCA5E81-9383-4463-A001-EF1891219313}"
EndProject
Project("{2150E333-8FDC-42A3-9474-1A3956D46DE8}") = "Exercise09", "Exercise09", "{7FE84FB4-4D4C-4F2F-8190-4E2E06726447}"
EndProject
Project("{2150E333-8FDC-42A3-9474-1A3956D46DE8}") = "Exercise11", "Exercise11", "{B531F726-A40F-4FFB-9FB6-25464452B3D1}"
EndProject
Project("{2150E333-8FDC-42A3-9474-1A3956D46DE8}") = "Exercise12", "Exercise12", "{0A2C3F26-D8F5-4191-B7F4-3DF8079B2CA7}"
EndProject
Project("{2150E333-8FDC-42A3-9474-1A3956D46DE8}") = "Exercise14", "Exercise14", "{E5270BE5-A4C1-4B9D-88F9-E12507B40731}"
EndProject
Project("{2150E333-8FDC-42A3-9474-1A3956D46DE8}") = "Exercise13", "Exercise13", "{3BFFEA58-0487-4973-AAF6-DEBCAE603D8C}"
EndProject
Project("{2150E333-8FDC-42A3-9474-1A3956D46DE8}") = "Exercise02", "Exercise02", "{3FDE5F28-B056-48C3-AF3A-8098D56D8640}"
EndProject
Project("{2150E333-8FDC-42A3-9474-1A3956D46DE8}") = "Exercise03", "Exercise03", "{D2494BF7-0A09-4BC8-BE63-0D23F97A2A21}"
EndProject
Project("{2150E333-8FDC-42A3-9474-1A3956D46DE8}") = "Exercise04", "Exercise04", "{C5E8EFD2-FEBA-4CDC-A885-1424361CF38B}"
EndProject
Project("{2150E333-8FDC-42A3-9474-1A3956D46DE8}") = "Exercise05", "Exercise05", "{EBA28C67-63E9-43C7-BC22-22012A2F9F8F}"
EndProject
Project("{2150E333-8FDC-42A3-9474-1A3956D46DE8}") = "Exercise06", "Exercise06", "{9787F049-76C6-4B75-BC80-AFB2CF9A1AE8}"
EndProject
Project("{9A19103F-16F7-4668-BE54-9A1E7A4F7556}") = "OOPExercise01_02", "Exercise02\OOPExercise01_02\OOPExercise01_02.csproj", "{F73820CB-C224-4A52-84B6-BC26343E8819}"
EndProject
Project("{FAE04EC0-301F-11D3-BF4B-00C04F79EFBC}") = "OOPExercise02Task03", "Exercise02\OOPExercise02Task03\OOPExercise02Task03.csproj", "{01468ED8-E375-4DF3-B7D0-DB6650F88EA7}"
EndProject
Project("{FAE04EC0-301F-11D3-BF4B-00C04F79EFBC}") = "OOPExercise02Task04", "Exercise02\OOPExercise02Task04\OOPExercise02Task04.csproj", "{3A2AAB93-DA45-4068-878A-9A8A5B58E493}"
EndProject
Global
	GlobalSection(SolutionConfigurationPlatforms) = preSolution
		Debug|Any CPU = Debug|Any CPU
		Release|Any CPU = Release|Any CPU
	EndGlobalSection
	GlobalSection(ProjectConfigurationPlatforms) = postSolution
		{AF8B2F66-7781-419E-BE20-264C2CFC3836}.Debug|Any CPU.ActiveCfg = Debug|Any CPU
		{AF8B2F66-7781-419E-BE20-264C2CFC3836}.Debug|Any CPU.Build.0 = Debug|Any CPU
		{AF8B2F66-7781-419E-BE20-264C2CFC3836}.Release|Any CPU.ActiveCfg = Release|Any CPU
		{AF8B2F66-7781-419E-BE20-264C2CFC3836}.Release|Any CPU.Build.0 = Release|Any CPU
		{AB2DFB27-DF5C-459B-BCFF-992BF692F422}.Debug|Any CPU.ActiveCfg = Debug|Any CPU
		{AB2DFB27-DF5C-459B-BCFF-992BF692F422}.Debug|Any CPU.Build.0 = Debug|Any CPU
		{AB2DFB27-DF5C-459B-BCFF-992BF692F422}.Release|Any CPU.ActiveCfg = Release|Any CPU
		{AB2DFB27-DF5C-459B-BCFF-992BF692F422}.Release|Any CPU.Build.0 = Release|Any CPU
		{D193D7FE-751F-47EE-851F-95355BF24815}.Debug|Any CPU.ActiveCfg = Debug|Any CPU
		{D193D7FE-751F-47EE-851F-95355BF24815}.Debug|Any CPU.Build.0 = Debug|Any CPU
		{D193D7FE-751F-47EE-851F-95355BF24815}.Release|Any CPU.ActiveCfg = Release|Any CPU
		{D193D7FE-751F-47EE-851F-95355BF24815}.Release|Any CPU.Build.0 = Release|Any CPU
		{C718A9A1-9C7A-4846-B9D8-D75D0B9944BA}.Debug|Any CPU.ActiveCfg = Debug|Any CPU
		{C718A9A1-9C7A-4846-B9D8-D75D0B9944BA}.Debug|Any CPU.Build.0 = Debug|Any CPU
		{C718A9A1-9C7A-4846-B9D8-D75D0B9944BA}.Release|Any CPU.ActiveCfg = Release|Any CPU
		{C718A9A1-9C7A-4846-B9D8-D75D0B9944BA}.Release|Any CPU.Build.0 = Release|Any CPU
		{F07A0686-5372-4CAB-BC68-0B6B2E52E849}.Debug|Any CPU.ActiveCfg = Debug|Any CPU
		{F07A0686-5372-4CAB-BC68-0B6B2E52E849}.Debug|Any CPU.Build.0 = Debug|Any CPU
		{F07A0686-5372-4CAB-BC68-0B6B2E52E849}.Release|Any CPU.ActiveCfg = Release|Any CPU
		{F07A0686-5372-4CAB-BC68-0B6B2E52E849}.Release|Any CPU.Build.0 = Release|Any CPU
		{79AD5CDE-735B-46B3-A31D-A874B23C993E}.Debug|Any CPU.ActiveCfg = Debug|Any CPU
		{79AD5CDE-735B-46B3-A31D-A874B23C993E}.Debug|Any CPU.Build.0 = Debug|Any CPU
		{79AD5CDE-735B-46B3-A31D-A874B23C993E}.Release|Any CPU.ActiveCfg = Release|Any CPU
		{79AD5CDE-735B-46B3-A31D-A874B23C993E}.Release|Any CPU.Build.0 = Release|Any CPU
		{FD4014B0-076A-4C5E-BFB5-DAE6B701FEB5}.Debug|Any CPU.ActiveCfg = Debug|Any CPU
		{FD4014B0-076A-4C5E-BFB5-DAE6B701FEB5}.Debug|Any CPU.Build.0 = Debug|Any CPU
		{FD4014B0-076A-4C5E-BFB5-DAE6B701FEB5}.Release|Any CPU.ActiveCfg = Release|Any CPU
		{FD4014B0-076A-4C5E-BFB5-DAE6B701FEB5}.Release|Any CPU.Build.0 = Release|Any CPU
		{C78D528D-AFE6-404F-9C68-A11F05FD48F6}.Debug|Any CPU.ActiveCfg = Debug|Any CPU
		{C78D528D-AFE6-404F-9C68-A11F05FD48F6}.Debug|Any CPU.Build.0 = Debug|Any CPU
		{C78D528D-AFE6-404F-9C68-A11F05FD48F6}.Release|Any CPU.ActiveCfg = Release|Any CPU
		{C78D528D-AFE6-404F-9C68-A11F05FD48F6}.Release|Any CPU.Build.0 = Release|Any CPU
		{BB1E3F65-71CB-4000-A9DD-4EB28F9471A5}.Debug|Any CPU.ActiveCfg = Debug|Any CPU
		{BB1E3F65-71CB-4000-A9DD-4EB28F9471A5}.Debug|Any CPU.Build.0 = Debug|Any CPU
		{BB1E3F65-71CB-4000-A9DD-4EB28F9471A5}.Release|Any CPU.ActiveCfg = Release|Any CPU
		{BB1E3F65-71CB-4000-A9DD-4EB28F9471A5}.Release|Any CPU.Build.0 = Release|Any CPU
		{F73820CB-C224-4A52-84B6-BC26343E8819}.Debug|Any CPU.ActiveCfg = Debug|Any CPU
		{F73820CB-C224-4A52-84B6-BC26343E8819}.Debug|Any CPU.Build.0 = Debug|Any CPU
		{F73820CB-C224-4A52-84B6-BC26343E8819}.Release|Any CPU.ActiveCfg = Release|Any CPU
		{F73820CB-C224-4A52-84B6-BC26343E8819}.Release|Any CPU.Build.0 = Release|Any CPU
		{01468ED8-E375-4DF3-B7D0-DB6650F88EA7}.Debug|Any CPU.ActiveCfg = Debug|Any CPU
		{01468ED8-E375-4DF3-B7D0-DB6650F88EA7}.Debug|Any CPU.Build.0 = Debug|Any CPU
		{01468ED8-E375-4DF3-B7D0-DB6650F88EA7}.Release|Any CPU.ActiveCfg = Release|Any CPU
		{01468ED8-E375-4DF3-B7D0-DB6650F88EA7}.Release|Any CPU.Build.0 = Release|Any CPU
		{3A2AAB93-DA45-4068-878A-9A8A5B58E493}.Debug|Any CPU.ActiveCfg = Debug|Any CPU
		{3A2AAB93-DA45-4068-878A-9A8A5B58E493}.Debug|Any CPU.Build.0 = Debug|Any CPU
		{3A2AAB93-DA45-4068-878A-9A8A5B58E493}.Release|Any CPU.ActiveCfg = Release|Any CPU
		{3A2AAB93-DA45-4068-878A-9A8A5B58E493}.Release|Any CPU.Build.0 = Release|Any CPU
	EndGlobalSection
	GlobalSection(SolutionProperties) = preSolution
		HideSolutionNode = FALSE
	EndGlobalSection
	GlobalSection(NestedProjects) = preSolution
		{AF8B2F66-7781-419E-BE20-264C2CFC3836} = {3CF200CD-54EE-4BF8-BB3B-1C99FC1A345B}
		{AB2DFB27-DF5C-459B-BCFF-992BF692F422} = {3CF200CD-54EE-4BF8-BB3B-1C99FC1A345B}
		{D193D7FE-751F-47EE-851F-95355BF24815} = {3CF200CD-54EE-4BF8-BB3B-1C99FC1A345B}
		{C718A9A1-9C7A-4846-B9D8-D75D0B9944BA} = {3CF200CD-54EE-4BF8-BB3B-1C99FC1A345B}
		{F07A0686-5372-4CAB-BC68-0B6B2E52E849} = {3CF200CD-54EE-4BF8-BB3B-1C99FC1A345B}
		{FD4014B0-076A-4C5E-BFB5-DAE6B701FEB5} = {3CF200CD-54EE-4BF8-BB3B-1C99FC1A345B}
		{C78D528D-AFE6-404F-9C68-A11F05FD48F6} = {3CF200CD-54EE-4BF8-BB3B-1C99FC1A345B}
		{BB1E3F65-71CB-4000-A9DD-4EB28F9471A5} = {3CF200CD-54EE-4BF8-BB3B-1C99FC1A345B}
		{F73820CB-C224-4A52-84B6-BC26343E8819} = {3FDE5F28-B056-48C3-AF3A-8098D56D8640}
		{01468ED8-E375-4DF3-B7D0-DB6650F88EA7} = {3FDE5F28-B056-48C3-AF3A-8098D56D8640}
		{3A2AAB93-DA45-4068-878A-9A8A5B58E493} = {3FDE5F28-B056-48C3-AF3A-8098D56D8640}
	EndGlobalSection
	GlobalSection(ExtensibilityGlobals) = postSolution
		SolutionGuid = {8850E2BA-8AC7-43D8-B2C6-6A7F608DEB85}
	EndGlobalSection
EndGlobal
