
Microsoft Visual Studio Solution File, Format Version 12.00
# Visual Studio Version 17
VisualStudioVersion = 17.9.34902.65
MinimumVisualStudioVersion = 10.0.40219.1
Project("{9A19103F-16F7-4668-BE54-9A1E7A4F7556}") = "OOPExercise01Task01", "Exercise01\OOPExercise01Task01\OOPExercise01Task01.csproj", "{AF8B2F66-7781-419E-BE20-264C2CFC3836}"
EndProject
Project("{9A19103F-16F7-4668-BE54-9A1E7A4F7556}") = "OOPExercise01Task02", "Exercise01\OOPExercise01Task02\OOPExercise01Task02.csproj", "{AB2DFB27-DF5C-459B-BCFF-992BF692F422}"
EndProject
Project("{9A19103F-16F7-4668-BE54-9A1E7A4F7556}") = "OOPExercise01Task03", "Exercise01\OOPExercise01Task03\OOPExercise01Task03.csproj", "{D193D7FE-751F-47EE-851F-95355BF24815}"
EndProject
Project("{9A19103F-16F7-4668-BE54-9A1E7A4F7556}") = "OOPExercise01Task05", "Exercise01\OOPExercise01Task05\OOPExercise01Task05.csproj", "{C718A9A1-9C7A-4846-B9D8-D75D0B9944BA}"
EndProject
Project("{9A19103F-16F7-4668-BE54-9A1E7A4F7556}") = "OOPExercise01Task06", "Exercise01\OOPExercise01Task06\OOPExercise01Task06.csproj", "{F07A0686-5372-4CAB-BC68-0B6B2E52E849}"
EndProject
Project("{9A19103F-16F7-4668-BE54-9A1E7A4F7556}") = "Utilities", "Utilities\Utilities.csproj", "{79AD5CDE-735B-46B3-A31D-A874B23C993E}"
EndProject
Project("{9A19103F-16F7-4668-BE54-9A1E7A4F7556}") = "OOPExercise01Task07", "Exercise01\OOPExercise01Task07\OOPExercise01Task07.csproj", "{FD4014B0-076A-4C5E-BFB5-DAE6B701FEB5}"
EndProject
Project("{9A19103F-16F7-4668-BE54-9A1E7A4F7556}") = "OOPExercise01Task08", "Exercise01\OOPExercise01Task08\OOPExercise01Task08.csproj", "{C78D528D-AFE6-404F-9C68-A11F05FD48F6}"
EndProject
Project("{9A19103F-16F7-4668-BE54-9A1E7A4F7556}") = "OOPExercise01Task09", "Exercise01\OOPExercise01Task09\OOPExercise01Task09.csproj", "{BB1E3F65-71CB-4000-A9DD-4EB28F9471A5}"
EndProject
Global
	GlobalSection(SolutionConfigurationPlatforms) = preSolution
		Debug|Any CPU = Debug|Any CPU
		Release|Any CPU = Release|Any CPU
	EndGlobalSection
	GlobalSection(ProjectConfigurationPlatforms) = postSolution
		{AF8B2F66-7781-419E-BE20-264C2CFC3836}.Debug|Any CPU.ActiveCfg = Debug|Any CPU
		{AF8B2F66-7781-419E-BE20-264C2CFC3836}.Debug|Any CPU.Build.0 = Debug|Any CPU
		{AF8B2F66-7781-419E-BE20-264C2CFC3836}.Release|Any CPU.ActiveCfg = Release|Any CPU
		{AF8B2F66-7781-419E-BE20-264C2CFC3836}.Release|Any CPU.Build.0 = Release|Any CPU
		{AB2DFB27-DF5C-459B-BCFF-992BF692F422}.Debug|Any CPU.ActiveCfg = Debug|Any CPU
		{AB2DFB27-DF5C-459B-BCFF-992BF692F422}.Debug|Any CPU.Build.0 = Debug|Any CPU
		{AB2DFB27-DF5C-459B-BCFF-992BF692F422}.Release|Any CPU.ActiveCfg = Release|Any CPU
		{AB2DFB27-DF5C-459B-BCFF-992BF692F422}.Release|Any CPU.Build.0 = Release|Any CPU
		{D193D7FE-751F-47EE-851F-95355BF24815}.Debug|Any CPU.ActiveCfg = Debug|Any CPU
		{D193D7FE-751F-47EE-851F-95355BF24815}.Debug|Any CPU.Build.0 = Debug|Any CPU
		{D193D7FE-751F-47EE-851F-95355BF24815}.Release|Any CPU.ActiveCfg = Release|Any CPU
		{D193D7FE-751F-47EE-851F-95355BF24815}.Release|Any CPU.Build.0 = Release|Any CPU
		{C718A9A1-9C7A-4846-B9D8-D75D0B9944BA}.Debug|Any CPU.ActiveCfg = Debug|Any CPU
		{C718A9A1-9C7A-4846-B9D8-D75D0B9944BA}.Debug|Any CPU.Build.0 = Debug|Any CPU
		{C718A9A1-9C7A-4846-B9D8-D75D0B9944BA}.Release|Any CPU.ActiveCfg = Release|Any CPU
		{C718A9A1-9C7A-4846-B9D8-D75D0B9944BA}.Release|Any CPU.Build.0 = Release|Any CPU
		{F07A0686-5372-4CAB-BC68-0B6B2E52E849}.Debug|Any CPU.ActiveCfg = Debug|Any CPU
		{F07A0686-5372-4CAB-BC68-0B6B2E52E849}.Debug|Any CPU.Build.0 = Debug|Any CPU
		{F07A0686-5372-4CAB-BC68-0B6B2E52E849}.Release|Any CPU.ActiveCfg = Release|Any CPU
		{F07A0686-5372-4CAB-BC68-0B6B2E52E849}.Release|Any CPU.Build.0 = Release|Any CPU
		{79AD5CDE-735B-46B3-A31D-A874B23C993E}.Debug|Any CPU.ActiveCfg = Debug|Any CPU
		{79AD5CDE-735B-46B3-A31D-A874B23C993E}.Debug|Any CPU.Build.0 = Debug|Any CPU
		{79AD5CDE-735B-46B3-A31D-A874B23C993E}.Release|Any CPU.ActiveCfg = Release|Any CPU
		{79AD5CDE-735B-46B3-A31D-A874B23C993E}.Release|Any CPU.Build.0 = Release|Any CPU
		{FD4014B0-076A-4C5E-BFB5-DAE6B701FEB5}.Debug|Any CPU.ActiveCfg = Debug|Any CPU
		{FD4014B0-076A-4C5E-BFB5-DAE6B701FEB5}.Debug|Any CPU.Build.0 = Debug|Any CPU
		{FD4014B0-076A-4C5E-BFB5-DAE6B701FEB5}.Release|Any CPU.ActiveCfg = Release|Any CPU
		{FD4014B0-076A-4C5E-BFB5-DAE6B701FEB5}.Release|Any CPU.Build.0 = Release|Any CPU
		{C78D528D-AFE6-404F-9C68-A11F05FD48F6}.Debug|Any CPU.ActiveCfg = Debug|Any CPU
		{C78D528D-AFE6-404F-9C68-A11F05FD48F6}.Debug|Any CPU.Build.0 = Debug|Any CPU
		{C78D528D-AFE6-404F-9C68-A11F05FD48F6}.Release|Any CPU.ActiveCfg = Release|Any CPU
		{C78D528D-AFE6-404F-9C68-A11F05FD48F6}.Release|Any CPU.Build.0 = Release|Any CPU
		{BB1E3F65-71CB-4000-A9DD-4EB28F9471A5}.Debug|Any CPU.ActiveCfg = Debug|Any CPU
		{BB1E3F65-71CB-4000-A9DD-4EB28F9471A5}.Debug|Any CPU.Build.0 = Debug|Any CPU
		{BB1E3F65-71CB-4000-A9DD-4EB28F9471A5}.Release|Any CPU.ActiveCfg = Release|Any CPU
		{BB1E3F65-71CB-4000-A9DD-4EB28F9471A5}.Release|Any CPU.Build.0 = Release|Any CPU
	EndGlobalSection
	GlobalSection(SolutionProperties) = preSolution
		HideSolutionNode = FALSE
	EndGlobalSection
	GlobalSection(ExtensibilityGlobals) = postSolution
		SolutionGuid = {8850E2BA-8AC7-43D8-B2C6-6A7F608DEB85}
	EndGlobalSection
EndGlobal
