
Microsoft Visual Studio Solution File, Format Version 12.00
# Visual Studio 14
VisualStudioVersion = 14.0.25123.0
MinimumVisualStudioVersion = 10.0.40219.1
Project("{FAE04EC0-301F-11D3-BF4B-00C04F79EFBC}") = "Zadatak01", "Zadatak01\Zadatak01.csproj", "{B745C12B-2A3B-44EF-8054-2E68D2587A34}"
EndProject
Project("{FAE04EC0-301F-11D3-BF4B-00C04F79EFBC}") = "Zadatak02", "Zadatak02\Zadatak02.csproj", "{01146875-2CDD-404C-9BBF-1DD54867952E}"
EndProject
Project("{FAE04EC0-301F-11D3-BF4B-00C04F79EFBC}") = "Zadatak03", "Zadatak03\Zadatak03.csproj", "{D54B293B-E444-4643-94E0-3341336E95D6}"
EndProject
Project("{FAE04EC0-301F-11D3-BF4B-00C04F79EFBC}") = "Zadatak04", "Zadatak04\Zadatak04.csproj", "{9AC7BEEF-D818-452A-A83A-75EA29826F45}"
EndProject
Project("{FAE04EC0-301F-11D3-BF4B-00C04F79EFBC}") = "Zadatak05", "Zadatak05\Zadatak05.csproj", "{8B0EED78-F39B-4253-96CF-558754C29BB2}"
EndProject
Project("{FAE04EC0-301F-11D3-BF4B-00C04F79EFBC}") = "Zadatak06", "Zadatak06\Zadatak06.csproj", "{EA7A09DD-4C4C-4004-8F1F-DEB58CC30A48}"
EndProject
Project("{FAE04EC0-301F-11D3-BF4B-00C04F79EFBC}") = "Zadatak07", "Zadatak07\Zadatak07.csproj", "{084C3935-3857-429C-9071-09ABD7CBAD80}"
EndProject
Global
	GlobalSection(SolutionConfigurationPlatforms) = preSolution
		Debug|Any CPU = Debug|Any CPU
		Release|Any CPU = Release|Any CPU
	EndGlobalSection
	GlobalSection(ProjectConfigurationPlatforms) = postSolution
		{B745C12B-2A3B-44EF-8054-2E68D2587A34}.Debug|Any CPU.ActiveCfg = Debug|Any CPU
		{B745C12B-2A3B-44EF-8054-2E68D2587A34}.Debug|Any CPU.Build.0 = Debug|Any CPU
		{B745C12B-2A3B-44EF-8054-2E68D2587A34}.Release|Any CPU.ActiveCfg = Release|Any CPU
		{B745C12B-2A3B-44EF-8054-2E68D2587A34}.Release|Any CPU.Build.0 = Release|Any CPU
		{01146875-2CDD-404C-9BBF-1DD54867952E}.Debug|Any CPU.ActiveCfg = Debug|Any CPU
		{01146875-2CDD-404C-9BBF-1DD54867952E}.Debug|Any CPU.Build.0 = Debug|Any CPU
		{01146875-2CDD-404C-9BBF-1DD54867952E}.Release|Any CPU.ActiveCfg = Release|Any CPU
		{01146875-2CDD-404C-9BBF-1DD54867952E}.Release|Any CPU.Build.0 = Release|Any CPU
		{D54B293B-E444-4643-94E0-3341336E95D6}.Debug|Any CPU.ActiveCfg = Debug|Any CPU
		{D54B293B-E444-4643-94E0-3341336E95D6}.Debug|Any CPU.Build.0 = Debug|Any CPU
		{D54B293B-E444-4643-94E0-3341336E95D6}.Release|Any CPU.ActiveCfg = Release|Any CPU
		{D54B293B-E444-4643-94E0-3341336E95D6}.Release|Any CPU.Build.0 = Release|Any CPU
		{9AC7BEEF-D818-452A-A83A-75EA29826F45}.Debug|Any CPU.ActiveCfg = Debug|Any CPU
		{9AC7BEEF-D818-452A-A83A-75EA29826F45}.Debug|Any CPU.Build.0 = Debug|Any CPU
		{9AC7BEEF-D818-452A-A83A-75EA29826F45}.Release|Any CPU.ActiveCfg = Release|Any CPU
		{9AC7BEEF-D818-452A-A83A-75EA29826F45}.Release|Any CPU.Build.0 = Release|Any CPU
		{8B0EED78-F39B-4253-96CF-558754C29BB2}.Debug|Any CPU.ActiveCfg = Debug|Any CPU
		{8B0EED78-F39B-4253-96CF-558754C29BB2}.Debug|Any CPU.Build.0 = Debug|Any CPU
		{8B0EED78-F39B-4253-96CF-558754C29BB2}.Release|Any CPU.ActiveCfg = Release|Any CPU
		{8B0EED78-F39B-4253-96CF-558754C29BB2}.Release|Any CPU.Build.0 = Release|Any CPU
		{EA7A09DD-4C4C-4004-8F1F-DEB58CC30A48}.Debug|Any CPU.ActiveCfg = Debug|Any CPU
		{EA7A09DD-4C4C-4004-8F1F-DEB58CC30A48}.Debug|Any CPU.Build.0 = Debug|Any CPU
		{EA7A09DD-4C4C-4004-8F1F-DEB58CC30A48}.Release|Any CPU.ActiveCfg = Release|Any CPU
		{EA7A09DD-4C4C-4004-8F1F-DEB58CC30A48}.Release|Any CPU.Build.0 = Release|Any CPU
		{084C3935-3857-429C-9071-09ABD7CBAD80}.Debug|Any CPU.ActiveCfg = Debug|Any CPU
		{084C3935-3857-429C-9071-09ABD7CBAD80}.Debug|Any CPU.Build.0 = Debug|Any CPU
		{084C3935-3857-429C-9071-09ABD7CBAD80}.Release|Any CPU.ActiveCfg = Release|Any CPU
		{084C3935-3857-429C-9071-09ABD7CBAD80}.Release|Any CPU.Build.0 = Release|Any CPU
	EndGlobalSection
	GlobalSection(SolutionProperties) = preSolution
		HideSolutionNode = FALSE
	EndGlobalSection
EndGlobal
