
Microsoft Visual Studio Solution File, Format Version 12.00
# Visual Studio Version 17
VisualStudioVersion = 17.4.33110.190
MinimumVisualStudioVersion = 10.0.40219.1
Project("{9A19103F-16F7-4668-BE54-9A1E7A4F7556}") = "Task01", "Task01\Task01.csproj", "{EE88D378-DAB5-498A-8A7C-72B7DD2F6052}"
EndProject
Project("{FAE04EC0-301F-11D3-BF4B-00C04F79EFBC}") = "Task02", "Task02\Task02.csproj", "{1DAEEA31-AB38-497B-AD75-352C9795A48B}"
EndProject
Project("{FAE04EC0-301F-11D3-BF4B-00C04F79EFBC}") = "Task03", "Task03\Task03.csproj", "{784AC1A2-CE57-4A94-88C0-35C54E9138C2}"
EndProject
Global
	GlobalSection(SolutionConfigurationPlatforms) = preSolution
		Debug|Any CPU = Debug|Any CPU
		Release|Any CPU = Release|Any CPU
	EndGlobalSection
	GlobalSection(ProjectConfigurationPlatforms) = postSolution
		{EE88D378-DAB5-498A-8A7C-72B7DD2F6052}.Debug|Any CPU.ActiveCfg = Debug|Any CPU
		{EE88D378-DAB5-498A-8A7C-72B7DD2F6052}.Debug|Any CPU.Build.0 = Debug|Any CPU
		{EE88D378-DAB5-498A-8A7C-72B7DD2F6052}.Release|Any CPU.ActiveCfg = Release|Any CPU
		{EE88D378-DAB5-498A-8A7C-72B7DD2F6052}.Release|Any CPU.Build.0 = Release|Any CPU
		{1DAEEA31-AB38-497B-AD75-352C9795A48B}.Debug|Any CPU.ActiveCfg = Debug|Any CPU
		{1DAEEA31-AB38-497B-AD75-352C9795A48B}.Debug|Any CPU.Build.0 = Debug|Any CPU
		{1DAEEA31-AB38-497B-AD75-352C9795A48B}.Release|Any CPU.ActiveCfg = Release|Any CPU
		{1DAEEA31-AB38-497B-AD75-352C9795A48B}.Release|Any CPU.Build.0 = Release|Any CPU
		{784AC1A2-CE57-4A94-88C0-35C54E9138C2}.Debug|Any CPU.ActiveCfg = Debug|Any CPU
		{784AC1A2-CE57-4A94-88C0-35C54E9138C2}.Debug|Any CPU.Build.0 = Debug|Any CPU
		{784AC1A2-CE57-4A94-88C0-35C54E9138C2}.Release|Any CPU.ActiveCfg = Release|Any CPU
		{784AC1A2-CE57-4A94-88C0-35C54E9138C2}.Release|Any CPU.Build.0 = Release|Any CPU
	EndGlobalSection
	GlobalSection(SolutionProperties) = preSolution
		HideSolutionNode = FALSE
	EndGlobalSection
	GlobalSection(ExtensibilityGlobals) = postSolution
		SolutionGuid = {6781D516-146A-41E9-A310-EA6B3B5F6AC7}
	EndGlobalSection
EndGlobal
