
Microsoft Visual Studio Solution File, Format Version 12.00
# Visual Studio Version 17
VisualStudioVersion = 17.4.33122.133
MinimumVisualStudioVersion = 10.0.40219.1
Project("{FAE04EC0-301F-11D3-BF4B-00C04F79EFBC}") = "Task01", "Task01\Task01.csproj", "{AE14EDDC-7804-4816-AD6A-6A36C86A4463}"
EndProject
Project("{FAE04EC0-301F-11D3-BF4B-00C04F79EFBC}") = "Task02", "Task02\Task02.csproj", "{3AEF0F7D-C565-4716-B9C5-61A2BE63E24B}"
EndProject
Global
	GlobalSection(SolutionConfigurationPlatforms) = preSolution
		Debug|Any CPU = Debug|Any CPU
		Release|Any CPU = Release|Any CPU
	EndGlobalSection
	GlobalSection(ProjectConfigurationPlatforms) = postSolution
		{AE14EDDC-7804-4816-AD6A-6A36C86A4463}.Debug|Any CPU.ActiveCfg = Debug|Any CPU
		{AE14EDDC-7804-4816-AD6A-6A36C86A4463}.Debug|Any CPU.Build.0 = Debug|Any CPU
		{AE14EDDC-7804-4816-AD6A-6A36C86A4463}.Release|Any CPU.ActiveCfg = Release|Any CPU
		{AE14EDDC-7804-4816-AD6A-6A36C86A4463}.Release|Any CPU.Build.0 = Release|Any CPU
		{3AEF0F7D-C565-4716-B9C5-61A2BE63E24B}.Debug|Any CPU.ActiveCfg = Debug|Any CPU
		{3AEF0F7D-C565-4716-B9C5-61A2BE63E24B}.Debug|Any CPU.Build.0 = Debug|Any CPU
		{3AEF0F7D-C565-4716-B9C5-61A2BE63E24B}.Release|Any CPU.ActiveCfg = Release|Any CPU
		{3AEF0F7D-C565-4716-B9C5-61A2BE63E24B}.Release|Any CPU.Build.0 = Release|Any CPU
	EndGlobalSection
	GlobalSection(SolutionProperties) = preSolution
		HideSolutionNode = FALSE
	EndGlobalSection
	GlobalSection(ExtensibilityGlobals) = postSolution
		SolutionGuid = {16A00084-C64D-4636-B44E-26715BE98EE2}
	EndGlobalSection
EndGlobal
